
Microsoft Visual Studio Solution File, Format Version 12.00
# Visual Studio Version 16
VisualStudioVersion = 16.0.31624.102
MinimumVisualStudioVersion = 10.0.40219.1
Project("{FAE04EC0-301F-11D3-BF4B-00C04F79EFBC}") = "VowelCheck", "VowelCheck.csproj", "{D49E4509-EA74-4FDD-A0EE-11F69FC693EE}"
EndProject
Global
	GlobalSection(SolutionConfigurationPlatforms) = preSolution
		Debug|Any CPU = Debug|Any CPU
		Release|Any CPU = Release|Any CPU
	EndGlobalSection
	GlobalSection(ProjectConfigurationPlatforms) = postSolution
		{D49E4509-EA74-4FDD-A0EE-11F69FC693EE}.Debug|Any CPU.ActiveCfg = Debug|Any CPU
		{D49E4509-EA74-4FDD-A0EE-11F69FC693EE}.Debug|Any CPU.Build.0 = Debug|Any CPU
		{D49E4509-EA74-4FDD-A0EE-11F69FC693EE}.Release|Any CPU.ActiveCfg = Release|Any CPU
		{D49E4509-EA74-4FDD-A0EE-11F69FC693EE}.Release|Any CPU.Build.0 = Release|Any CPU
	EndGlobalSection
	GlobalSection(SolutionProperties) = preSolution
		HideSolutionNode = FALSE
	EndGlobalSection
	GlobalSection(ExtensibilityGlobals) = postSolution
		SolutionGuid = {4D57794B-D453-4211-B7CC-BBC3198C06FC}
	EndGlobalSection
EndGlobal
