
Microsoft Visual Studio Solution File, Format Version 12.00
# Visual Studio Version 16
VisualStudioVersion = 16.0.31624.102
MinimumVisualStudioVersion = 10.0.40219.1
Project("{FAE04EC0-301F-11D3-BF4B-00C04F79EFBC}") = "Harmonic", "Harmonic.csproj", "{114FAB24-B50C-4F45-B5CE-791E9D4BA04A}"
EndProject
Global
	GlobalSection(SolutionConfigurationPlatforms) = preSolution
		Debug|Any CPU = Debug|Any CPU
		Release|Any CPU = Release|Any CPU
	EndGlobalSection
	GlobalSection(ProjectConfigurationPlatforms) = postSolution
		{114FAB24-B50C-4F45-B5CE-791E9D4BA04A}.Debug|Any CPU.ActiveCfg = Debug|Any CPU
		{114FAB24-B50C-4F45-B5CE-791E9D4BA04A}.Debug|Any CPU.Build.0 = Debug|Any CPU
		{114FAB24-B50C-4F45-B5CE-791E9D4BA04A}.Release|Any CPU.ActiveCfg = Release|Any CPU
		{114FAB24-B50C-4F45-B5CE-791E9D4BA04A}.Release|Any CPU.Build.0 = Release|Any CPU
	EndGlobalSection
	GlobalSection(SolutionProperties) = preSolution
		HideSolutionNode = FALSE
	EndGlobalSection
	GlobalSection(ExtensibilityGlobals) = postSolution
		SolutionGuid = {D1F50A46-8142-4106-BD22-5D30D76DECA9}
	EndGlobalSection
EndGlobal
