
Microsoft Visual Studio Solution File, Format Version 12.00
# Visual Studio Version 16
VisualStudioVersion = 16.0.31624.102
MinimumVisualStudioVersion = 10.0.40219.1
Project("{FAE04EC0-301F-11D3-BF4B-00C04F79EFBC}") = "QuotientRemainder", "QuotientRemainder.csproj", "{01BC9323-3D20-4903-A7ED-30A5129E6D08}"
EndProject
Global
	GlobalSection(SolutionConfigurationPlatforms) = preSolution
		Debug|Any CPU = Debug|Any CPU
		Release|Any CPU = Release|Any CPU
	EndGlobalSection
	GlobalSection(ProjectConfigurationPlatforms) = postSolution
		{01BC9323-3D20-4903-A7ED-30A5129E6D08}.Debug|Any CPU.ActiveCfg = Debug|Any CPU
		{01BC9323-3D20-4903-A7ED-30A5129E6D08}.Debug|Any CPU.Build.0 = Debug|Any CPU
		{01BC9323-3D20-4903-A7ED-30A5129E6D08}.Release|Any CPU.ActiveCfg = Release|Any CPU
		{01BC9323-3D20-4903-A7ED-30A5129E6D08}.Release|Any CPU.Build.0 = Release|Any CPU
	EndGlobalSection
	GlobalSection(SolutionProperties) = preSolution
		HideSolutionNode = FALSE
	EndGlobalSection
	GlobalSection(ExtensibilityGlobals) = postSolution
		SolutionGuid = {2EE20508-1183-4278-8E65-F491C6A47C91}
	EndGlobalSection
EndGlobal
